// !$*UTF8*$!
{
	archiveVersion = 1;
	classes = {
	};
	objectVersion = 50;
	objects = {

/* Begin PBXBuildFile section */
		C0A394FB4BB417E87083EDF7 /* Pods_WSLoginSDK.framework in Frameworks */ = {isa = PBXBuildFile; fileRef = 3786F2F159801D41F6187828 /* Pods_WSLoginSDK.framework */; };
		DBD0108221D7A99C0071CEA0 /* WSLoginSDK.h in Headers */ = {isa = PBXBuildFile; fileRef = DBD0108021D7A99C0071CEA0 /* WSLoginSDK.h */; settings = {ATTRIBUTES = (Public, ); }; };
		DBD0108A21D7B6540071CEA0 /* WSLoginBase.h in Headers */ = {isa = PBXBuildFile; fileRef = DBD0108821D7B6540071CEA0 /* WSLoginBase.h */; };
		DBD0108B21D7B6540071CEA0 /* WSLoginBase.m in Sources */ = {isa = PBXBuildFile; fileRef = DBD0108921D7B6540071CEA0 /* WSLoginBase.m */; };
		DBD0109021D7C1210071CEA0 /* WSFBLogin.h in Headers */ = {isa = PBXBuildFile; fileRef = DBD0108E21D7C1210071CEA0 /* WSFBLogin.h */; };
		DBD0109121D7C1210071CEA0 /* WSFBLogin.m in Sources */ = {isa = PBXBuildFile; fileRef = DBD0108F21D7C1210071CEA0 /* WSFBLogin.m */; };
		DBD0109421D7C25D0071CEA0 /* WSQQLogin.h in Headers */ = {isa = PBXBuildFile; fileRef = DBD0109221D7C25D0071CEA0 /* WSQQLogin.h */; };
		DBD0109521D7C25D0071CEA0 /* WSQQLogin.m in Sources */ = {isa = PBXBuildFile; fileRef = DBD0109321D7C25D0071CEA0 /* WSQQLogin.m */; };
		DBD0109821D7C27A0071CEA0 /* WSTWTLogin.h in Headers */ = {isa = PBXBuildFile; fileRef = DBD0109621D7C27A0071CEA0 /* WSTWTLogin.h */; };
		DBD0109C21D7C2900071CEA0 /* WSWXLogin.h in Headers */ = {isa = PBXBuildFile; fileRef = DBD0109A21D7C2900071CEA0 /* WSWXLogin.h */; };
		DBD010A021D7C2AD0071CEA0 /* WSGPLogin.h in Headers */ = {isa = PBXBuildFile; fileRef = DBD0109E21D7C2AD0071CEA0 /* WSGPLogin.h */; };
		DBD010A121D7C2AD0071CEA0 /* WSGPLogin.m in Sources */ = {isa = PBXBuildFile; fileRef = DBD0109F21D7C2AD0071CEA0 /* WSGPLogin.m */; };
		DBD010A321D7C37E0071CEA0 /* WSTWTLogin.m in Sources */ = {isa = PBXBuildFile; fileRef = DBD010A221D7C37E0071CEA0 /* WSTWTLogin.m */; };
		DBD010A521D7C4060071CEA0 /* WSWXLogin.m in Sources */ = {isa = PBXBuildFile; fileRef = DBD010A421D7C4060071CEA0 /* WSWXLogin.m */; };
/* End PBXBuildFile section */

/* Begin PBXFileReference section */
		24FB856B11996D781158016D /* Pods-WSLoginSDK.release.xcconfig */ = {isa = PBXFileReference; includeInIndex = 1; lastKnownFileType = text.xcconfig; name = "Pods-WSLoginSDK.release.xcconfig"; path = "../WeSing/Pods/Target Support Files/Pods-WSLoginSDK/Pods-WSLoginSDK.release.xcconfig"; sourceTree = "<group>"; };
		3786F2F159801D41F6187828 /* Pods_WSLoginSDK.framework */ = {isa = PBXFileReference; explicitFileType = wrapper.framework; includeInIndex = 0; path = Pods_WSLoginSDK.framework; sourceTree = BUILT_PRODUCTS_DIR; };
		83A1CE24128E632F29778F6C /* Pods-WSLoginSDK.debug.xcconfig */ = {isa = PBXFileReference; includeInIndex = 1; lastKnownFileType = text.xcconfig; name = "Pods-WSLoginSDK.debug.xcconfig"; path = "../WeSing/Pods/Target Support Files/Pods-WSLoginSDK/Pods-WSLoginSDK.debug.xcconfig"; sourceTree = "<group>"; };
		DBD0107D21D7A99C0071CEA0 /* WSLoginSDK.framework */ = {isa = PBXFileReference; explicitFileType = wrapper.framework; includeInIndex = 0; path = WSLoginSDK.framework; sourceTree = BUILT_PRODUCTS_DIR; };
		DBD0108021D7A99C0071CEA0 /* WSLoginSDK.h */ = {isa = PBXFileReference; lastKnownFileType = sourcecode.c.h; path = WSLoginSDK.h; sourceTree = "<group>"; };
		DBD0108121D7A99C0071CEA0 /* Info.plist */ = {isa = PBXFileReference; lastKnownFileType = text.plist.xml; path = Info.plist; sourceTree = "<group>"; };
		DBD0108821D7B6540071CEA0 /* WSLoginBase.h */ = {isa = PBXFileReference; lastKnownFileType = sourcecode.c.h; path = WSLoginBase.h; sourceTree = "<group>"; };
		DBD0108921D7B6540071CEA0 /* WSLoginBase.m */ = {isa = PBXFileReference; lastKnownFileType = sourcecode.c.objc; path = WSLoginBase.m; sourceTree = "<group>"; };
		DBD0108E21D7C1210071CEA0 /* WSFBLogin.h */ = {isa = PBXFileReference; lastKnownFileType = sourcecode.c.h; path = WSFBLogin.h; sourceTree = "<group>"; };
		DBD0108F21D7C1210071CEA0 /* WSFBLogin.m */ = {isa = PBXFileReference; lastKnownFileType = sourcecode.c.objc; path = WSFBLogin.m; sourceTree = "<group>"; };
		DBD0109221D7C25D0071CEA0 /* WSQQLogin.h */ = {isa = PBXFileReference; lastKnownFileType = sourcecode.c.h; path = WSQQLogin.h; sourceTree = "<group>"; };
		DBD0109321D7C25D0071CEA0 /* WSQQLogin.m */ = {isa = PBXFileReference; lastKnownFileType = sourcecode.c.objc; path = WSQQLogin.m; sourceTree = "<group>"; };
		DBD0109621D7C27A0071CEA0 /* WSTWTLogin.h */ = {isa = PBXFileReference; lastKnownFileType = sourcecode.c.h; path = WSTWTLogin.h; sourceTree = "<group>"; };
		DBD0109A21D7C2900071CEA0 /* WSWXLogin.h */ = {isa = PBXFileReference; lastKnownFileType = sourcecode.c.h; path = WSWXLogin.h; sourceTree = "<group>"; };
		DBD0109E21D7C2AD0071CEA0 /* WSGPLogin.h */ = {isa = PBXFileReference; lastKnownFileType = sourcecode.c.h; path = WSGPLogin.h; sourceTree = "<group>"; };
		DBD0109F21D7C2AD0071CEA0 /* WSGPLogin.m */ = {isa = PBXFileReference; lastKnownFileType = sourcecode.c.objc; path = WSGPLogin.m; sourceTree = "<group>"; };
		DBD010A221D7C37E0071CEA0 /* WSTWTLogin.m */ = {isa = PBXFileReference; fileEncoding = 4; lastKnownFileType = sourcecode.c.objc; path = WSTWTLogin.m; sourceTree = "<group>"; };
		DBD010A421D7C4060071CEA0 /* WSWXLogin.m */ = {isa = PBXFileReference; fileEncoding = 4; lastKnownFileType = sourcecode.c.objc; path = WSWXLogin.m; sourceTree = "<group>"; };
/* End PBXFileReference section */

/* Begin PBXFrameworksBuildPhase section */
		DBD0107A21D7A99C0071CEA0 /* Frameworks */ = {
			isa = PBXFrameworksBuildPhase;
			buildActionMask = 2147483647;
			files = (
				C0A394FB4BB417E87083EDF7 /* Pods_WSLoginSDK.framework in Frameworks */,
			);
			runOnlyForDeploymentPostprocessing = 0;
		};
/* End PBXFrameworksBuildPhase section */

/* Begin PBXGroup section */
		36A01B7FDCB7BDDA427B5C51 /* Frameworks */ = {
			isa = PBXGroup;
			children = (
				3786F2F159801D41F6187828 /* Pods_WSLoginSDK.framework */,
			);
			name = Frameworks;
			sourceTree = "<group>";
		};
		9E324240528DAB4A257F77A0 /* Pods */ = {
			isa = PBXGroup;
			children = (
				83A1CE24128E632F29778F6C /* Pods-WSLoginSDK.debug.xcconfig */,
				24FB856B11996D781158016D /* Pods-WSLoginSDK.release.xcconfig */,
			);
			name = Pods;
			sourceTree = "<group>";
		};
		DBD0107321D7A99C0071CEA0 = {
			isa = PBXGroup;
			children = (
				DBD0107F21D7A99C0071CEA0 /* WSLoginSDK */,
				DBD0107E21D7A99C0071CEA0 /* Products */,
				9E324240528DAB4A257F77A0 /* Pods */,
				36A01B7FDCB7BDDA427B5C51 /* Frameworks */,
			);
			sourceTree = "<group>";
		};
		DBD0107E21D7A99C0071CEA0 /* Products */ = {
			isa = PBXGroup;
			children = (
				DBD0107D21D7A99C0071CEA0 /* WSLoginSDK.framework */,
			);
			name = Products;
			sourceTree = "<group>";
		};
		DBD0107F21D7A99C0071CEA0 /* WSLoginSDK */ = {
			isa = PBXGroup;
			children = (
				DBD0108D21D7C0D20071CEA0 /* impl */,
				DBD0108021D7A99C0071CEA0 /* WSLoginSDK.h */,
				DBD0108121D7A99C0071CEA0 /* Info.plist */,
				DBD0108821D7B6540071CEA0 /* WSLoginBase.h */,
				DBD0108921D7B6540071CEA0 /* WSLoginBase.m */,
			);
			path = WSLoginSDK;
			sourceTree = "<group>";
		};
		DBD0108D21D7C0D20071CEA0 /* impl */ = {
			isa = PBXGroup;
			children = (
				DBD0108E21D7C1210071CEA0 /* WSFBLogin.h */,
				DBD0108F21D7C1210071CEA0 /* WSFBLogin.m */,
				DBD0109221D7C25D0071CEA0 /* WSQQLogin.h */,
				DBD0109321D7C25D0071CEA0 /* WSQQLogin.m */,
				DBD0109621D7C27A0071CEA0 /* WSTWTLogin.h */,
				DBD010A221D7C37E0071CEA0 /* WSTWTLogin.m */,
				DBD0109A21D7C2900071CEA0 /* WSWXLogin.h */,
				DBD010A421D7C4060071CEA0 /* WSWXLogin.m */,
				DBD0109E21D7C2AD0071CEA0 /* WSGPLogin.h */,
				DBD0109F21D7C2AD0071CEA0 /* WSGPLogin.m */,
			);
			path = impl;
			sourceTree = "<group>";
		};
/* End PBXGroup section */

/* Begin PBXHeadersBuildPhase section */
		DBD0107821D7A99C0071CEA0 /* Headers */ = {
			isa = PBXHeadersBuildPhase;
			buildActionMask = 2147483647;
			files = (
				DBD0108221D7A99C0071CEA0 /* WSLoginSDK.h in Headers */,
				DBD010A021D7C2AD0071CEA0 /* WSGPLogin.h in Headers */,
				DBD0109821D7C27A0071CEA0 /* WSTWTLogin.h in Headers */,
				DBD0108A21D7B6540071CEA0 /* WSLoginBase.h in Headers */,
				DBD0109C21D7C2900071CEA0 /* WSWXLogin.h in Headers */,
				DBD0109421D7C25D0071CEA0 /* WSQQLogin.h in Headers */,
				DBD0109021D7C1210071CEA0 /* WSFBLogin.h in Headers */,
			);
			runOnlyForDeploymentPostprocessing = 0;
		};
/* End PBXHeadersBuildPhase section */

/* Begin PBXNativeTarget section */
		DBD0107C21D7A99C0071CEA0 /* WSLoginSDK */ = {
			isa = PBXNativeTarget;
			buildConfigurationList = DBD0108521D7A99C0071CEA0 /* Build configuration list for PBXNativeTarget "WSLoginSDK" */;
			buildPhases = (
				9847433697283F1553F0A53A /* [CP] Check Pods Manifest.lock */,
				DBD0107821D7A99C0071CEA0 /* Headers */,
				DBD0107921D7A99C0071CEA0 /* Sources */,
				DBD0107A21D7A99C0071CEA0 /* Frameworks */,
				DBD0107B21D7A99C0071CEA0 /* Resources */,
				9D1944C99C10C51DDC91CEF2 /* [CP] Copy Pods Resources */,
			);
			buildRules = (
			);
			dependencies = (
			);
			name = WSLoginSDK;
			productName = WSLoginSDK;
			productReference = DBD0107D21D7A99C0071CEA0 /* WSLoginSDK.framework */;
			productType = "com.apple.product-type.framework";
		};
/* End PBXNativeTarget section */

/* Begin PBXProject section */
		DBD0107421D7A99C0071CEA0 /* Project object */ = {
			isa = PBXProject;
			attributes = {
				CLASSPREFIX = WS;
				LastUpgradeCheck = 1010;
				ORGANIZATIONNAME = "蓝秀文";
				TargetAttributes = {
					DBD0107C21D7A99C0071CEA0 = {
						CreatedOnToolsVersion = 10.1;
					};
				};
			};
			buildConfigurationList = DBD0107721D7A99C0071CEA0 /* Build configuration list for PBXProject "WSLoginSDK" */;
			compatibilityVersion = "Xcode 9.3";
			developmentRegion = en;
			hasScannedForEncodings = 0;
			knownRegions = (
				en,
			);
			mainGroup = DBD0107321D7A99C0071CEA0;
			productRefGroup = DBD0107E21D7A99C0071CEA0 /* Products */;
			projectDirPath = "";
			projectRoot = "";
			targets = (
				DBD0107C21D7A99C0071CEA0 /* WSLoginSDK */,
			);
		};
/* End PBXProject section */

/* Begin PBXResourcesBuildPhase section */
		DBD0107B21D7A99C0071CEA0 /* Resources */ = {
			isa = PBXResourcesBuildPhase;
			buildActionMask = 2147483647;
			files = (
			);
			runOnlyForDeploymentPostprocessing = 0;
		};
/* End PBXResourcesBuildPhase section */

/* Begin PBXShellScriptBuildPhase section */
		9847433697283F1553F0A53A /* [CP] Check Pods Manifest.lock */ = {
			isa = PBXShellScriptBuildPhase;
			buildActionMask = 2147483647;
			files = (
			);
			inputPaths = (
				"${PODS_PODFILE_DIR_PATH}/Podfile.lock",
				"${PODS_ROOT}/Manifest.lock",
			);
			name = "[CP] Check Pods Manifest.lock";
			outputPaths = (
				"$(DERIVED_FILE_DIR)/Pods-WSLoginSDK-checkManifestLockResult.txt",
			);
			runOnlyForDeploymentPostprocessing = 0;
			shellPath = /bin/sh;
			shellScript = "diff \"${PODS_PODFILE_DIR_PATH}/Podfile.lock\" \"${PODS_ROOT}/Manifest.lock\" > /dev/null\nif [ $? != 0 ] ; then\n    # print error to STDERR\n    echo \"error: The sandbox is not in sync with the Podfile.lock. Run 'pod install' or update your CocoaPods installation.\" >&2\n    exit 1\nfi\n# This output is used by Xcode 'outputs' to avoid re-running this script phase.\necho \"SUCCESS\" > \"${SCRIPT_OUTPUT_FILE_0}\"\n";
			showEnvVarsInLog = 0;
		};
		9D1944C99C10C51DDC91CEF2 /* [CP] Copy Pods Resources */ = {
			isa = PBXShellScriptBuildPhase;
			buildActionMask = 2147483647;
			files = (
			);
			inputPaths = (
				"${SRCROOT}/../WeSing/Pods/Target Support Files/Pods-WSLoginSDK/Pods-WSLoginSDK-resources.sh",
				"${PODS_ROOT}/GoogleSignIn/Resources/GoogleSignIn.bundle",
			);
			name = "[CP] Copy Pods Resources";
			outputPaths = (
				"${TARGET_BUILD_DIR}/${UNLOCALIZED_RESOURCES_FOLDER_PATH}/GoogleSignIn.bundle",
			);
			runOnlyForDeploymentPostprocessing = 0;
			shellPath = /bin/sh;
			shellScript = "\"${SRCROOT}/../WeSing/Pods/Target Support Files/Pods-WSLoginSDK/Pods-WSLoginSDK-resources.sh\"\n";
			showEnvVarsInLog = 0;
		};
/* End PBXShellScriptBuildPhase section */

/* Begin PBXSourcesBuildPhase section */
		DBD0107921D7A99C0071CEA0 /* Sources */ = {
			isa = PBXSourcesBuildPhase;
			buildActionMask = 2147483647;
			files = (
				DBD0109521D7C25D0071CEA0 /* WSQQLogin.m in Sources */,
				DBD010A121D7C2AD0071CEA0 /* WSGPLogin.m in Sources */,
				DBD0108B21D7B6540071CEA0 /* WSLoginBase.m in Sources */,
				DBD0109121D7C1210071CEA0 /* WSFBLogin.m in Sources */,
				DBD010A521D7C4060071CEA0 /* WSWXLogin.m in Sources */,
				DBD010A321D7C37E0071CEA0 /* WSTWTLogin.m in Sources */,
			);
			runOnlyForDeploymentPostprocessing = 0;
		};
/* End PBXSourcesBuildPhase section */

/* Begin XCBuildConfiguration section */
		DBD0108321D7A99C0071CEA0 /* Debug */ = {
			isa = XCBuildConfiguration;
			buildSettings = {
				ALWAYS_SEARCH_USER_PATHS = NO;
				CLANG_ANALYZER_NONNULL = YES;
				CLANG_ANALYZER_NUMBER_OBJECT_CONVERSION = YES_AGGRESSIVE;
				CLANG_CXX_LANGUAGE_STANDARD = "gnu++14";
				CLANG_CXX_LIBRARY = "libc++";
				CLANG_ENABLE_MODULES = YES;
				CLANG_ENABLE_OBJC_ARC = YES;
				CLANG_ENABLE_OBJC_WEAK = YES;
				CLANG_WARN_BLOCK_CAPTURE_AUTORELEASING = YES;
				CLANG_WARN_BOOL_CONVERSION = YES;
				CLANG_WARN_COMMA = YES;
				CLANG_WARN_CONSTANT_CONVERSION = YES;
				CLANG_WARN_DEPRECATED_OBJC_IMPLEMENTATIONS = YES;
				CLANG_WARN_DIRECT_OBJC_ISA_USAGE = YES_ERROR;
				CLANG_WARN_DOCUMENTATION_COMMENTS = YES;
				CLANG_WARN_EMPTY_BODY = YES;
				CLANG_WARN_ENUM_CONVERSION = YES;
				CLANG_WARN_INFINITE_RECURSION = YES;
				CLANG_WARN_INT_CONVERSION = YES;
				CLANG_WARN_NON_LITERAL_NULL_CONVERSION = YES;
				CLANG_WARN_OBJC_IMPLICIT_RETAIN_SELF = YES;
				CLANG_WARN_OBJC_LITERAL_CONVERSION = YES;
				CLANG_WARN_OBJC_ROOT_CLASS = YES_ERROR;
				CLANG_WARN_RANGE_LOOP_ANALYSIS = YES;
				CLANG_WARN_STRICT_PROTOTYPES = YES;
				CLANG_WARN_SUSPICIOUS_MOVE = YES;
				CLANG_WARN_UNGUARDED_AVAILABILITY = YES_AGGRESSIVE;
				CLANG_WARN_UNREACHABLE_CODE = YES;
				CLANG_WARN__DUPLICATE_METHOD_MATCH = YES;
				CODE_SIGN_IDENTITY = "iPhone Developer";
				COPY_PHASE_STRIP = NO;
				CURRENT_PROJECT_VERSION = 1;
				DEBUG_INFORMATION_FORMAT = dwarf;
				ENABLE_STRICT_OBJC_MSGSEND = YES;
				ENABLE_TESTABILITY = YES;
				GCC_C_LANGUAGE_STANDARD = gnu11;
				GCC_DYNAMIC_NO_PIC = NO;
				GCC_NO_COMMON_BLOCKS = YES;
				GCC_OPTIMIZATION_LEVEL = 0;
				GCC_PREPROCESSOR_DEFINITIONS = (
					"DEBUG=1",
					"$(inherited)",
				);
				GCC_WARN_64_TO_32_BIT_CONVERSION = YES;
				GCC_WARN_ABOUT_RETURN_TYPE = YES_ERROR;
				GCC_WARN_UNDECLARED_SELECTOR = YES;
				GCC_WARN_UNINITIALIZED_AUTOS = YES_AGGRESSIVE;
				GCC_WARN_UNUSED_FUNCTION = YES;
				GCC_WARN_UNUSED_VARIABLE = YES;
				IPHONEOS_DEPLOYMENT_TARGET = 12.1;
				MTL_ENABLE_DEBUG_INFO = INCLUDE_SOURCE;
				MTL_FAST_MATH = YES;
				ONLY_ACTIVE_ARCH = YES;
				SDKROOT = iphoneos;
				VERSIONING_SYSTEM = "apple-generic";
				VERSION_INFO_PREFIX = "";
			};
			name = Debug;
		};
		DBD0108421D7A99C0071CEA0 /* Release */ = {
			isa = XCBuildConfiguration;
			buildSettings = {
				ALWAYS_SEARCH_USER_PATHS = NO;
				CLANG_ANALYZER_NONNULL = YES;
				CLANG_ANALYZER_NUMBER_OBJECT_CONVERSION = YES_AGGRESSIVE;
				CLANG_CXX_LANGUAGE_STANDARD = "gnu++14";
				CLANG_CXX_LIBRARY = "libc++";
				CLANG_ENABLE_MODULES = YES;
				CLANG_ENABLE_OBJC_ARC = YES;
				CLANG_ENABLE_OBJC_WEAK = YES;
				CLANG_WARN_BLOCK_CAPTURE_AUTORELEASING = YES;
				CLANG_WARN_BOOL_CONVERSION = YES;
				CLANG_WARN_COMMA = YES;
				CLANG_WARN_CONSTANT_CONVERSION = YES;
				CLANG_WARN_DEPRECATED_OBJC_IMPLEMENTATIONS = YES;
				CLANG_WARN_DIRECT_OBJC_ISA_USAGE = YES_ERROR;
				CLANG_WARN_DOCUMENTATION_COMMENTS = YES;
				CLANG_WARN_EMPTY_BODY = YES;
				CLANG_WARN_ENUM_CONVERSION = YES;
				CLANG_WARN_INFINITE_RECURSION = YES;
				CLANG_WARN_INT_CONVERSION = YES;
				CLANG_WARN_NON_LITERAL_NULL_CONVERSION = YES;
				CLANG_WARN_OBJC_IMPLICIT_RETAIN_SELF = YES;
				CLANG_WARN_OBJC_LITERAL_CONVERSION = YES;
				CLANG_WARN_OBJC_ROOT_CLASS = YES_ERROR;
				CLANG_WARN_RANGE_LOOP_ANALYSIS = YES;
				CLANG_WARN_STRICT_PROTOTYPES = YES;
				CLANG_WARN_SUSPICIOUS_MOVE = YES;
				CLANG_WARN_UNGUARDED_AVAILABILITY = YES_AGGRESSIVE;
				CLANG_WARN_UNREACHABLE_CODE = YES;
				CLANG_WARN__DUPLICATE_METHOD_MATCH = YES;
				CODE_SIGN_IDENTITY = "iPhone Developer";
				COPY_PHASE_STRIP = NO;
				CURRENT_PROJECT_VERSION = 1;
				DEBUG_INFORMATION_FORMAT = "dwarf-with-dsym";
				ENABLE_NS_ASSERTIONS = NO;
				ENABLE_STRICT_OBJC_MSGSEND = YES;
				GCC_C_LANGUAGE_STANDARD = gnu11;
				GCC_NO_COMMON_BLOCKS = YES;
				GCC_WARN_64_TO_32_BIT_CONVERSION = YES;
				GCC_WARN_ABOUT_RETURN_TYPE = YES_ERROR;
				GCC_WARN_UNDECLARED_SELECTOR = YES;
				GCC_WARN_UNINITIALIZED_AUTOS = YES_AGGRESSIVE;
				GCC_WARN_UNUSED_FUNCTION = YES;
				GCC_WARN_UNUSED_VARIABLE = YES;
				IPHONEOS_DEPLOYMENT_TARGET = 12.1;
				MTL_ENABLE_DEBUG_INFO = NO;
				MTL_FAST_MATH = YES;
				SDKROOT = iphoneos;
				VALIDATE_PRODUCT = YES;
				VERSIONING_SYSTEM = "apple-generic";
				VERSION_INFO_PREFIX = "";
			};
			name = Release;
		};
		DBD0108621D7A99C0071CEA0 /* Debug */ = {
			isa = XCBuildConfiguration;
			baseConfigurationReference = 83A1CE24128E632F29778F6C /* Pods-WSLoginSDK.debug.xcconfig */;
			buildSettings = {
				CODE_SIGN_IDENTITY = "";
				CODE_SIGN_STYLE = Automatic;
				DEFINES_MODULE = YES;
				DEVELOPMENT_TEAM = K2V29VDMX5;
				DYLIB_COMPATIBILITY_VERSION = 1;
				DYLIB_CURRENT_VERSION = 1;
				DYLIB_INSTALL_NAME_BASE = "@rpath";
				INFOPLIST_FILE = WSLoginSDK/Info.plist;
				INSTALL_PATH = "$(LOCAL_LIBRARY_DIR)/Frameworks";
				LD_RUNPATH_SEARCH_PATHS = (
					"$(inherited)",
					"@executable_path/Frameworks",
					"@loader_path/Frameworks",
				);
				PRODUCT_BUNDLE_IDENTIFIER = com.wy.WSLoginSDK;
				PRODUCT_NAME = "$(TARGET_NAME:c99extidentifier)";
				SKIP_INSTALL = YES;
				TARGETED_DEVICE_FAMILY = "1,2";
			};
			name = Debug;
		};
		DBD0108721D7A99C0071CEA0 /* Release */ = {
			isa = XCBuildConfiguration;
			baseConfigurationReference = 24FB856B11996D781158016D /* Pods-WSLoginSDK.release.xcconfig */;
			buildSettings = {
				CODE_SIGN_IDENTITY = "";
				CODE_SIGN_STYLE = Automatic;
				DEFINES_MODULE = YES;
				DEVELOPMENT_TEAM = K2V29VDMX5;
				DYLIB_COMPATIBILITY_VERSION = 1;
				DYLIB_CURRENT_VERSION = 1;
				DYLIB_INSTALL_NAME_BASE = "@rpath";
				INFOPLIST_FILE = WSLoginSDK/Info.plist;
				INSTALL_PATH = "$(LOCAL_LIBRARY_DIR)/Frameworks";
				LD_RUNPATH_SEARCH_PATHS = (
					"$(inherited)",
					"@executable_path/Frameworks",
					"@loader_path/Frameworks",
				);
				PRODUCT_BUNDLE_IDENTIFIER = com.wy.WSLoginSDK;
				PRODUCT_NAME = "$(TARGET_NAME:c99extidentifier)";
				SKIP_INSTALL = YES;
				TARGETED_DEVICE_FAMILY = "1,2";
			};
			name = Release;
		};
/* End XCBuildConfiguration section */

/* Begin XCConfigurationList section */
		DBD0107721D7A99C0071CEA0 /* Build configuration list for PBXProject "WSLoginSDK" */ = {
			isa = XCConfigurationList;
			buildConfigurations = (
				DBD0108321D7A99C0071CEA0 /* Debug */,
				DBD0108421D7A99C0071CEA0 /* Release */,
			);
			defaultConfigurationIsVisible = 0;
			defaultConfigurationName = Release;
		};
		DBD0108521D7A99C0071CEA0 /* Build configuration list for PBXNativeTarget "WSLoginSDK" */ = {
			isa = XCConfigurationList;
			buildConfigurations = (
				DBD0108621D7A99C0071CEA0 /* Debug */,
				DBD0108721D7A99C0071CEA0 /* Release */,
			);
			defaultConfigurationIsVisible = 0;
			defaultConfigurationName = Release;
		};
/* End XCConfigurationList section */
	};
	rootObject = DBD0107421D7A99C0071CEA0 /* Project object */;
}
