PODS:
  - Bolts (1.9.0):
    - Bolts/AppLinks (= 1.9.0)
    - Bolts/Tasks (= 1.9.0)
  - Bolts/AppLinks (1.9.0):
    - Bolts/Tasks
  - Bolts/Tasks (1.9.0)
  - FBSDKCoreKit (4.36.0):
    - Bolts (~> 1.7)
  - FBSDKLoginKit (4.36.0):
    - FBSDKCoreKit
  - FBSDKShareKit (4.36.0):
    - FBSDKCoreKit (~> 4.36.0)
  - GoogleSignIn (4.4.0):
    - "GoogleToolboxForMac/NSDictionary+URLArguments (~> 2.1)"
    - "GoogleToolboxForMac/NSString+URLArguments (~> 2.1)"
    - GTMSessionFetcher/Core (~> 1.1)
  - GoogleToolboxForMac/DebugUtils (2.2.0):
    - GoogleToolboxForMac/Defines (= 2.2.0)
  - GoogleToolboxForMac/Defines (2.2.0)
  - "GoogleToolboxForMac/NSDictionary+URLArguments (2.2.0)":
    - GoogleToolboxForMac/DebugUtils (= 2.2.0)
    - GoogleToolboxForMac/Defines (= 2.2.0)
    - "GoogleToolboxForMac/NSString+URLArguments (= 2.2.0)"
  - "GoogleToolboxForMac/NSString+URLArguments (2.2.0)"
  - GTMSessionFetcher/Core (1.2.1)
  - WechatOpenSDK (1.7.9)
  - WeSingLibs/WSLoginSDK (1.0.0)

DEPENDENCIES:
  - FBSDKLoginKit (= 4.36.0)
  - FBSDKShareKit (= 4.36.0)
  - GoogleSignIn
  - WechatOpenSDK (= 1.7.9)
  - WeSingLibs/WSLoginSDK (from `../WeSingLibs.podspec`)

SPEC REPOS:
  https://github.com/cocoapods/specs.git:
    - Bolts
    - FBSDKCoreKit
    - FBSDKLoginKit
    - FBSDKShareKit
    - GoogleSignIn
    - GoogleToolboxForMac
    - GTMSessionFetcher
    - WechatOpenSDK

EXTERNAL SOURCES:
  WeSingLibs:
    :path: "../WeSingLibs.podspec"

SPEC CHECKSUMS:
  Bolts: ac6567323eac61e203f6a9763667d0f711be34c8
  FBSDKCoreKit: 3b8e6570eedb443f9fc4af196a7bf39f18e3a3d8
  FBSDKLoginKit: 8bccb6064708ab2f4251a7fc4e3b6d8d00ad91ba
  FBSDKShareKit: 7090fdd55c39b03941efddb64c83a64ff6b3949f
  GoogleSignIn: 7ff245e1a7b26d379099d3243a562f5747e23d39
  GoogleToolboxForMac: ff31605b7d66400dcec09bed5861689aebadda4d
  GTMSessionFetcher: 32aeca0aa144acea523e1c8e053089dec2cb98ca
  WechatOpenSDK: 1fe7e3b07db860d6a936c3ff4a5aba6b890958d9
  WeSingLibs: 64bb5e980bf463b204dd04d8b652bfef82c544b8

PODFILE CHECKSUM: f44d1329e320be3d1c67a1d1cccd476cca4a3e2d

COCOAPODS: 1.5.3
